
Microsoft Visual Studio Solution File, Format Version 12.00
# Visual Studio Version 17
VisualStudioVersion = 17.6.33815.320
MinimumVisualStudioVersion = 10.0.40219.1
Project("{8BC9CEB8-8B4A-11D0-8D11-00A0C91BC942}") = "client2", "client2.vcxproj", "{D3BAA2BC-92F7-4FFE-8D13-265F94D268C0}"
EndProject
Global
	GlobalSection(SolutionConfigurationPlatforms) = preSolution
		Debug|x64 = Debug|x64
		Debug|x86 = Debug|x86
		Release|x64 = Release|x64
		Release|x86 = Release|x86
	EndGlobalSection
	GlobalSection(ProjectConfigurationPlatforms) = postSolution
		{D3BAA2BC-92F7-4FFE-8D13-265F94D268C0}.Debug|x64.ActiveCfg = Debug|x64
		{D3BAA2BC-92F7-4FFE-8D13-265F94D268C0}.Debug|x64.Build.0 = Debug|x64
		{D3BAA2BC-92F7-4FFE-8D13-265F94D268C0}.Debug|x86.ActiveCfg = Debug|Win32
		{D3BAA2BC-92F7-4FFE-8D13-265F94D268C0}.Debug|x86.Build.0 = Debug|Win32
		{D3BAA2BC-92F7-4FFE-8D13-265F94D268C0}.Release|x64.ActiveCfg = Release|x64
		{D3BAA2BC-92F7-4FFE-8D13-265F94D268C0}.Release|x64.Build.0 = Release|x64
		{D3BAA2BC-92F7-4FFE-8D13-265F94D268C0}.Release|x86.ActiveCfg = Release|Win32
		{D3BAA2BC-92F7-4FFE-8D13-265F94D268C0}.Release|x86.Build.0 = Release|Win32
	EndGlobalSection
	GlobalSection(SolutionProperties) = preSolution
		HideSolutionNode = FALSE
	EndGlobalSection
	GlobalSection(ExtensibilityGlobals) = postSolution
		SolutionGuid = {398A16D0-4088-4EB4-A0D9-EB8634617462}
	EndGlobalSection
EndGlobal
